schema_version: 3
phoxal_runtimes:
  requested: latest
  resolved: 0.10.0
  releases_fetched_at: 2026-06-16T13:21:21.111359Z
  images:
    asset: ghcr.io/phoxal/runtime-asset:0.10.0
    drive: ghcr.io/phoxal/runtime-drive:0.10.0
    explore: ghcr.io/phoxal/runtime-explore:0.10.0
    follow: ghcr.io/phoxal/runtime-follow:0.10.0
    frame: ghcr.io/phoxal/runtime-frame:0.10.0
    joint: ghcr.io/phoxal/runtime-joint:0.10.0
    localize: ghcr.io/phoxal/runtime-localize:0.10.0
    map: ghcr.io/phoxal/runtime-map:0.10.0
    mission: ghcr.io/phoxal/runtime-mission:0.10.0
    motion: ghcr.io/phoxal/runtime-motion:0.10.0
    odometry: ghcr.io/phoxal/runtime-odometry:0.10.0
    perception: ghcr.io/phoxal/runtime-perception:0.10.0
    plan: ghcr.io/phoxal/runtime-plan:0.10.0
    power: ghcr.io/phoxal/runtime-power:0.10.0
    presence: ghcr.io/phoxal/runtime-presence:0.10.0
    safety: ghcr.io/phoxal/runtime-safety:0.10.0
    video: ghcr.io/phoxal/runtime-video:0.10.0
components:
  bno085:
    source:
      git: https://github.com/phoxal/components
      tag: main
      directory: bno085
    commit: a6fa0d64b1f4e69b3b9f62e5add984f9a9af95dd
  ddsm115:
    source:
      git: https://github.com/phoxal/components
      tag: main
      directory: ddsm115
    commit: a6fa0d64b1f4e69b3b9f62e5add984f9a9af95dd
  oak_d_lite:
    source:
      git: https://github.com/phoxal/components
      tag: main
      directory: oak_d_lite
    commit: a6fa0d64b1f4e69b3b9f62e5add984f9a9af95dd
  vl53l1x:
    source:
      git: https://github.com/phoxal/components
      tag: main
      directory: vl53l1x
    commit: a6fa0d64b1f4e69b3b9f62e5add984f9a9af95dd
  zed_f9p:
    source:
      git: https://github.com/phoxal/components
      tag: main
      directory: zed_f9p
    commit: a6fa0d64b1f4e69b3b9f62e5add984f9a9af95dd
tools:
  joypad:
    requested: 0.1.0
    resolved: 0.1.0
    repo: phoxal/joypad
    asset: phoxal-joypad-0.1.0-aarch64-apple-darwin.tar.gz
    binary_name: phoxal-joypad-aarch64-apple-darwin
    sha256: 94efd6b3f4c96de788761d18500b00b1c97e6b54e9904d0f5c02ab37756e7bd1
  rerun_proxy:
    requested: 0.1.0
    resolved: 0.1.0
    repo: phoxal/operator
    asset: phoxal-rerun-proxy-0.1.0-aarch64-apple-darwin.tar.gz
    binary_name: phoxal-rerun-proxy-aarch64-apple-darwin
    sha256: 925a5d155372b3915dc1c616f6ff200692f4335d132f9e795d3a5e6dda55015d
  simulator_webots_controller:
    requested: 0.10.0
    resolved: 0.10.0
    repo: phoxal/framework
    asset: phoxal-simulator-0.10.0-aarch64-apple-darwin.tar.gz
    binary_name: phoxal-simulator-webots-controller-aarch64-apple-darwin
    sha256: 70d411d399bef4b1c6ac2452a5e22ad342cd59889b557c59da6d9f5d111f5a4b
  simulator_webots_supervisor:
    requested: 0.10.0
    resolved: 0.10.0
    repo: phoxal/framework
    asset: phoxal-simulator-0.10.0-aarch64-apple-darwin.tar.gz
    binary_name: phoxal-simulator-webots-supervisor-aarch64-apple-darwin
    sha256: dd6f1cf04a21dc2a819ef50a17459fb7d76ba26b0d8e9f5ab1bfac27307c3b73
